
Microsoft Visual Studio Solution File, Format Version 12.00
# TcXaeShell Solution File, Format Version 11.00
VisualStudioVersion = 15.0.33403.129
MinimumVisualStudioVersion = 10.0.40219.1
Project("{B1E792BE-AA5F-4E3C-8C82-674BF9C0715B}") = "TcPiper", "Piper-Beckhoff\TcPiper.tsproj", "{E4EA2D08-1501-42DC-8295-06F6A3A857D3}"
EndProject
Project("{B1E792BE-AA5F-4E3C-8C82-674BF9C0715B}") = "TcSequencer", "..\..\TcSequencer\Sequencer\Sequencer\TcSequencer.tsproj", "{F6F7C937-218D-4551-B982-43F369B598A4}"
EndProject
Project("{B1E792BE-AA5F-4E3C-8C82-674BF9C0715B}") = "TcCommando", "..\..\TcCommando\PLCOpenInterface\PLCOpenInterface\TcCommando.tsproj", "{8E0169A7-7845-4AC8-A75E-7231A0BC49F4}"
EndProject
Project("{FD9F1D59-E000-42F3-8744-88DE1BE93C06}") = "Trace", "..\..\BeckhoffMeowMeow\PiperDev\Trace\Trace.tcmproj", "{B5010633-A591-42E9-A2AC-7294B271F7D9}"
EndProject
Project("{B1E792BE-AA5F-4E3C-8C82-674BF9C0715B}") = "TcPluginFramework", "..\..\TcPluginFramework\TcPluginFramework\TcPluginFramework.tsproj", "{806373E4-FED0-4BD4-ACB5-DD961EAF2CF8}"
EndProject
Global
	GlobalSection(SolutionConfigurationPlatforms) = preSolution
		Debug|TwinCAT CE7 (ARMV7) = Debug|TwinCAT CE7 (ARMV7)
		Debug|TwinCAT OS (ARMT2) = Debug|TwinCAT OS (ARMT2)
		Debug|TwinCAT RT (x64) = Debug|TwinCAT RT (x64)
		Debug|TwinCAT RT (x86) = Debug|TwinCAT RT (x86)
		Release|TwinCAT CE7 (ARMV7) = Release|TwinCAT CE7 (ARMV7)
		Release|TwinCAT OS (ARMT2) = Release|TwinCAT OS (ARMT2)
		Release|TwinCAT RT (x64) = Release|TwinCAT RT (x64)
		Release|TwinCAT RT (x86) = Release|TwinCAT RT (x86)
	EndGlobalSection
	GlobalSection(ProjectConfigurationPlatforms) = postSolution
		{E4EA2D08-1501-42DC-8295-06F6A3A857D3}.Debug|TwinCAT CE7 (ARMV7).ActiveCfg = Debug|TwinCAT CE7 (ARMV7)
		{E4EA2D08-1501-42DC-8295-06F6A3A857D3}.Debug|TwinCAT CE7 (ARMV7).Build.0 = Debug|TwinCAT CE7 (ARMV7)
		{E4EA2D08-1501-42DC-8295-06F6A3A857D3}.Debug|TwinCAT OS (ARMT2).ActiveCfg = Debug|TwinCAT OS (ARMT2)
		{E4EA2D08-1501-42DC-8295-06F6A3A857D3}.Debug|TwinCAT OS (ARMT2).Build.0 = Debug|TwinCAT OS (ARMT2)
		{E4EA2D08-1501-42DC-8295-06F6A3A857D3}.Debug|TwinCAT RT (x64).ActiveCfg = Debug|TwinCAT RT (x64)
		{E4EA2D08-1501-42DC-8295-06F6A3A857D3}.Debug|TwinCAT RT (x64).Build.0 = Debug|TwinCAT RT (x64)
		{E4EA2D08-1501-42DC-8295-06F6A3A857D3}.Debug|TwinCAT RT (x86).ActiveCfg = Debug|TwinCAT RT (x86)
		{E4EA2D08-1501-42DC-8295-06F6A3A857D3}.Debug|TwinCAT RT (x86).Build.0 = Debug|TwinCAT RT (x86)
		{E4EA2D08-1501-42DC-8295-06F6A3A857D3}.Release|TwinCAT CE7 (ARMV7).ActiveCfg = Release|TwinCAT CE7 (ARMV7)
		{E4EA2D08-1501-42DC-8295-06F6A3A857D3}.Release|TwinCAT CE7 (ARMV7).Build.0 = Release|TwinCAT CE7 (ARMV7)
		{E4EA2D08-1501-42DC-8295-06F6A3A857D3}.Release|TwinCAT OS (ARMT2).ActiveCfg = Release|TwinCAT OS (ARMT2)
		{E4EA2D08-1501-42DC-8295-06F6A3A857D3}.Release|TwinCAT OS (ARMT2).Build.0 = Release|TwinCAT OS (ARMT2)
		{E4EA2D08-1501-42DC-8295-06F6A3A857D3}.Release|TwinCAT RT (x64).ActiveCfg = Release|TwinCAT RT (x64)
		{E4EA2D08-1501-42DC-8295-06F6A3A857D3}.Release|TwinCAT RT (x64).Build.0 = Release|TwinCAT RT (x64)
		{E4EA2D08-1501-42DC-8295-06F6A3A857D3}.Release|TwinCAT RT (x86).ActiveCfg = Release|TwinCAT RT (x86)
		{E4EA2D08-1501-42DC-8295-06F6A3A857D3}.Release|TwinCAT RT (x86).Build.0 = Release|TwinCAT RT (x86)
		{F6F7C937-218D-4551-B982-43F369B598A4}.Debug|TwinCAT CE7 (ARMV7).ActiveCfg = Debug|TwinCAT CE7 (ARMV7)
		{F6F7C937-218D-4551-B982-43F369B598A4}.Debug|TwinCAT CE7 (ARMV7).Build.0 = Debug|TwinCAT CE7 (ARMV7)
		{F6F7C937-218D-4551-B982-43F369B598A4}.Debug|TwinCAT OS (ARMT2).ActiveCfg = Debug|TwinCAT OS (ARMT2)
		{F6F7C937-218D-4551-B982-43F369B598A4}.Debug|TwinCAT OS (ARMT2).Build.0 = Debug|TwinCAT OS (ARMT2)
		{F6F7C937-218D-4551-B982-43F369B598A4}.Debug|TwinCAT RT (x64).ActiveCfg = Debug|TwinCAT RT (x64)
		{F6F7C937-218D-4551-B982-43F369B598A4}.Debug|TwinCAT RT (x64).Build.0 = Debug|TwinCAT RT (x64)
		{F6F7C937-218D-4551-B982-43F369B598A4}.Debug|TwinCAT RT (x86).ActiveCfg = Debug|TwinCAT RT (x86)
		{F6F7C937-218D-4551-B982-43F369B598A4}.Debug|TwinCAT RT (x86).Build.0 = Debug|TwinCAT RT (x86)
		{F6F7C937-218D-4551-B982-43F369B598A4}.Release|TwinCAT CE7 (ARMV7).ActiveCfg = Release|TwinCAT CE7 (ARMV7)
		{F6F7C937-218D-4551-B982-43F369B598A4}.Release|TwinCAT CE7 (ARMV7).Build.0 = Release|TwinCAT CE7 (ARMV7)
		{F6F7C937-218D-4551-B982-43F369B598A4}.Release|TwinCAT OS (ARMT2).ActiveCfg = Release|TwinCAT OS (ARMT2)
		{F6F7C937-218D-4551-B982-43F369B598A4}.Release|TwinCAT OS (ARMT2).Build.0 = Release|TwinCAT OS (ARMT2)
		{F6F7C937-218D-4551-B982-43F369B598A4}.Release|TwinCAT RT (x64).ActiveCfg = Release|TwinCAT RT (x64)
		{F6F7C937-218D-4551-B982-43F369B598A4}.Release|TwinCAT RT (x64).Build.0 = Release|TwinCAT RT (x64)
		{F6F7C937-218D-4551-B982-43F369B598A4}.Release|TwinCAT RT (x86).ActiveCfg = Release|TwinCAT RT (x86)
		{F6F7C937-218D-4551-B982-43F369B598A4}.Release|TwinCAT RT (x86).Build.0 = Release|TwinCAT RT (x86)
		{8E0169A7-7845-4AC8-A75E-7231A0BC49F4}.Debug|TwinCAT CE7 (ARMV7).ActiveCfg = Debug|TwinCAT CE7 (ARMV7)
		{8E0169A7-7845-4AC8-A75E-7231A0BC49F4}.Debug|TwinCAT CE7 (ARMV7).Build.0 = Debug|TwinCAT CE7 (ARMV7)
		{8E0169A7-7845-4AC8-A75E-7231A0BC49F4}.Debug|TwinCAT OS (ARMT2).ActiveCfg = Debug|TwinCAT OS (ARMT2)
		{8E0169A7-7845-4AC8-A75E-7231A0BC49F4}.Debug|TwinCAT OS (ARMT2).Build.0 = Debug|TwinCAT OS (ARMT2)
		{8E0169A7-7845-4AC8-A75E-7231A0BC49F4}.Debug|TwinCAT RT (x64).ActiveCfg = Debug|TwinCAT RT (x64)
		{8E0169A7-7845-4AC8-A75E-7231A0BC49F4}.Debug|TwinCAT RT (x64).Build.0 = Debug|TwinCAT RT (x64)
		{8E0169A7-7845-4AC8-A75E-7231A0BC49F4}.Debug|TwinCAT RT (x86).ActiveCfg = Debug|TwinCAT RT (x86)
		{8E0169A7-7845-4AC8-A75E-7231A0BC49F4}.Debug|TwinCAT RT (x86).Build.0 = Debug|TwinCAT RT (x86)
		{8E0169A7-7845-4AC8-A75E-7231A0BC49F4}.Release|TwinCAT CE7 (ARMV7).ActiveCfg = Release|TwinCAT CE7 (ARMV7)
		{8E0169A7-7845-4AC8-A75E-7231A0BC49F4}.Release|TwinCAT CE7 (ARMV7).Build.0 = Release|TwinCAT CE7 (ARMV7)
		{8E0169A7-7845-4AC8-A75E-7231A0BC49F4}.Release|TwinCAT OS (ARMT2).ActiveCfg = Release|TwinCAT OS (ARMT2)
		{8E0169A7-7845-4AC8-A75E-7231A0BC49F4}.Release|TwinCAT OS (ARMT2).Build.0 = Release|TwinCAT OS (ARMT2)
		{8E0169A7-7845-4AC8-A75E-7231A0BC49F4}.Release|TwinCAT RT (x64).ActiveCfg = Release|TwinCAT RT (x64)
		{8E0169A7-7845-4AC8-A75E-7231A0BC49F4}.Release|TwinCAT RT (x64).Build.0 = Release|TwinCAT RT (x64)
		{8E0169A7-7845-4AC8-A75E-7231A0BC49F4}.Release|TwinCAT RT (x86).ActiveCfg = Release|TwinCAT RT (x86)
		{8E0169A7-7845-4AC8-A75E-7231A0BC49F4}.Release|TwinCAT RT (x86).Build.0 = Release|TwinCAT RT (x86)
		{B5010633-A591-42E9-A2AC-7294B271F7D9}.Debug|TwinCAT CE7 (ARMV7).ActiveCfg = Debug|TwinCAT CE7 (ARMV7)
		{B5010633-A591-42E9-A2AC-7294B271F7D9}.Debug|TwinCAT OS (ARMT2).ActiveCfg = Debug|TwinCAT OS (ARMT2)
		{B5010633-A591-42E9-A2AC-7294B271F7D9}.Debug|TwinCAT RT (x64).ActiveCfg = Debug|TwinCAT RT (x64)
		{B5010633-A591-42E9-A2AC-7294B271F7D9}.Debug|TwinCAT RT (x86).ActiveCfg = Debug|TwinCAT RT (x86)
		{B5010633-A591-42E9-A2AC-7294B271F7D9}.Release|TwinCAT CE7 (ARMV7).ActiveCfg = Release|TwinCAT CE7 (ARMV7)
		{B5010633-A591-42E9-A2AC-7294B271F7D9}.Release|TwinCAT OS (ARMT2).ActiveCfg = Release|TwinCAT OS (ARMT2)
		{B5010633-A591-42E9-A2AC-7294B271F7D9}.Release|TwinCAT RT (x64).ActiveCfg = Release|TwinCAT RT (x64)
		{B5010633-A591-42E9-A2AC-7294B271F7D9}.Release|TwinCAT RT (x86).ActiveCfg = Release|TwinCAT RT (x86)
		{806373E4-FED0-4BD4-ACB5-DD961EAF2CF8}.Debug|TwinCAT CE7 (ARMV7).ActiveCfg = Debug|TwinCAT CE7 (ARMV7)
		{806373E4-FED0-4BD4-ACB5-DD961EAF2CF8}.Debug|TwinCAT CE7 (ARMV7).Build.0 = Debug|TwinCAT CE7 (ARMV7)
		{806373E4-FED0-4BD4-ACB5-DD961EAF2CF8}.Debug|TwinCAT OS (ARMT2).ActiveCfg = Debug|TwinCAT OS (ARMT2)
		{806373E4-FED0-4BD4-ACB5-DD961EAF2CF8}.Debug|TwinCAT OS (ARMT2).Build.0 = Debug|TwinCAT OS (ARMT2)
		{806373E4-FED0-4BD4-ACB5-DD961EAF2CF8}.Debug|TwinCAT RT (x64).ActiveCfg = Debug|TwinCAT RT (x64)
		{806373E4-FED0-4BD4-ACB5-DD961EAF2CF8}.Debug|TwinCAT RT (x64).Build.0 = Debug|TwinCAT RT (x64)
		{806373E4-FED0-4BD4-ACB5-DD961EAF2CF8}.Debug|TwinCAT RT (x86).ActiveCfg = Debug|TwinCAT RT (x86)
		{806373E4-FED0-4BD4-ACB5-DD961EAF2CF8}.Debug|TwinCAT RT (x86).Build.0 = Debug|TwinCAT RT (x86)
		{806373E4-FED0-4BD4-ACB5-DD961EAF2CF8}.Release|TwinCAT CE7 (ARMV7).ActiveCfg = Release|TwinCAT CE7 (ARMV7)
		{806373E4-FED0-4BD4-ACB5-DD961EAF2CF8}.Release|TwinCAT CE7 (ARMV7).Build.0 = Release|TwinCAT CE7 (ARMV7)
		{806373E4-FED0-4BD4-ACB5-DD961EAF2CF8}.Release|TwinCAT OS (ARMT2).ActiveCfg = Release|TwinCAT OS (ARMT2)
		{806373E4-FED0-4BD4-ACB5-DD961EAF2CF8}.Release|TwinCAT OS (ARMT2).Build.0 = Release|TwinCAT OS (ARMT2)
		{806373E4-FED0-4BD4-ACB5-DD961EAF2CF8}.Release|TwinCAT RT (x64).ActiveCfg = Release|TwinCAT RT (x64)
		{806373E4-FED0-4BD4-ACB5-DD961EAF2CF8}.Release|TwinCAT RT (x64).Build.0 = Release|TwinCAT RT (x64)
		{806373E4-FED0-4BD4-ACB5-DD961EAF2CF8}.Release|TwinCAT RT (x86).ActiveCfg = Release|TwinCAT RT (x86)
		{806373E4-FED0-4BD4-ACB5-DD961EAF2CF8}.Release|TwinCAT RT (x86).Build.0 = Release|TwinCAT RT (x86)
		{82553D78-D597-4D8F-ACCA-DF9D46E15909}.Debug|TwinCAT CE7 (ARMV7).ActiveCfg = Debug|TwinCAT CE7 (ARMV7)
		{82553D78-D597-4D8F-ACCA-DF9D46E15909}.Debug|TwinCAT CE7 (ARMV7).Build.0 = Debug|TwinCAT CE7 (ARMV7)
		{82553D78-D597-4D8F-ACCA-DF9D46E15909}.Debug|TwinCAT OS (ARMT2).ActiveCfg = Debug|TwinCAT OS (ARMT2)
		{82553D78-D597-4D8F-ACCA-DF9D46E15909}.Debug|TwinCAT OS (ARMT2).Build.0 = Debug|TwinCAT OS (ARMT2)
		{82553D78-D597-4D8F-ACCA-DF9D46E15909}.Debug|TwinCAT RT (x64).ActiveCfg = Debug|TwinCAT RT (x64)
		{82553D78-D597-4D8F-ACCA-DF9D46E15909}.Debug|TwinCAT RT (x64).Build.0 = Debug|TwinCAT RT (x64)
		{82553D78-D597-4D8F-ACCA-DF9D46E15909}.Debug|TwinCAT RT (x86).ActiveCfg = Debug|TwinCAT RT (x86)
		{82553D78-D597-4D8F-ACCA-DF9D46E15909}.Debug|TwinCAT RT (x86).Build.0 = Debug|TwinCAT RT (x86)
		{82553D78-D597-4D8F-ACCA-DF9D46E15909}.Release|TwinCAT CE7 (ARMV7).ActiveCfg = Release|TwinCAT CE7 (ARMV7)
		{82553D78-D597-4D8F-ACCA-DF9D46E15909}.Release|TwinCAT CE7 (ARMV7).Build.0 = Release|TwinCAT CE7 (ARMV7)
		{82553D78-D597-4D8F-ACCA-DF9D46E15909}.Release|TwinCAT OS (ARMT2).ActiveCfg = Release|TwinCAT OS (ARMT2)
		{82553D78-D597-4D8F-ACCA-DF9D46E15909}.Release|TwinCAT OS (ARMT2).Build.0 = Release|TwinCAT OS (ARMT2)
		{82553D78-D597-4D8F-ACCA-DF9D46E15909}.Release|TwinCAT RT (x64).ActiveCfg = Release|TwinCAT RT (x64)
		{82553D78-D597-4D8F-ACCA-DF9D46E15909}.Release|TwinCAT RT (x64).Build.0 = Release|TwinCAT RT (x64)
		{82553D78-D597-4D8F-ACCA-DF9D46E15909}.Release|TwinCAT RT (x86).ActiveCfg = Release|TwinCAT RT (x86)
		{82553D78-D597-4D8F-ACCA-DF9D46E15909}.Release|TwinCAT RT (x86).Build.0 = Release|TwinCAT RT (x86)
		{F7A1CBD8-4647-4A25-AE48-F05A03F87B99}.Debug|TwinCAT CE7 (ARMV7).ActiveCfg = Debug|TwinCAT CE7 (ARMV7)
		{F7A1CBD8-4647-4A25-AE48-F05A03F87B99}.Debug|TwinCAT CE7 (ARMV7).Build.0 = Debug|TwinCAT CE7 (ARMV7)
		{F7A1CBD8-4647-4A25-AE48-F05A03F87B99}.Debug|TwinCAT OS (ARMT2).ActiveCfg = Debug|TwinCAT OS (ARMT2)
		{F7A1CBD8-4647-4A25-AE48-F05A03F87B99}.Debug|TwinCAT OS (ARMT2).Build.0 = Debug|TwinCAT OS (ARMT2)
		{F7A1CBD8-4647-4A25-AE48-F05A03F87B99}.Debug|TwinCAT RT (x64).ActiveCfg = Debug|TwinCAT RT (x64)
		{F7A1CBD8-4647-4A25-AE48-F05A03F87B99}.Debug|TwinCAT RT (x64).Build.0 = Debug|TwinCAT RT (x64)
		{F7A1CBD8-4647-4A25-AE48-F05A03F87B99}.Debug|TwinCAT RT (x86).ActiveCfg = Debug|TwinCAT RT (x86)
		{F7A1CBD8-4647-4A25-AE48-F05A03F87B99}.Debug|TwinCAT RT (x86).Build.0 = Debug|TwinCAT RT (x86)
		{F7A1CBD8-4647-4A25-AE48-F05A03F87B99}.Release|TwinCAT CE7 (ARMV7).ActiveCfg = Release|TwinCAT CE7 (ARMV7)
		{F7A1CBD8-4647-4A25-AE48-F05A03F87B99}.Release|TwinCAT CE7 (ARMV7).Build.0 = Release|TwinCAT CE7 (ARMV7)
		{F7A1CBD8-4647-4A25-AE48-F05A03F87B99}.Release|TwinCAT OS (ARMT2).ActiveCfg = Release|TwinCAT OS (ARMT2)
		{F7A1CBD8-4647-4A25-AE48-F05A03F87B99}.Release|TwinCAT OS (ARMT2).Build.0 = Release|TwinCAT OS (ARMT2)
		{F7A1CBD8-4647-4A25-AE48-F05A03F87B99}.Release|TwinCAT RT (x64).ActiveCfg = Release|TwinCAT RT (x64)
		{F7A1CBD8-4647-4A25-AE48-F05A03F87B99}.Release|TwinCAT RT (x64).Build.0 = Release|TwinCAT RT (x64)
		{F7A1CBD8-4647-4A25-AE48-F05A03F87B99}.Release|TwinCAT RT (x86).ActiveCfg = Release|TwinCAT RT (x86)
		{F7A1CBD8-4647-4A25-AE48-F05A03F87B99}.Release|TwinCAT RT (x86).Build.0 = Release|TwinCAT RT (x86)
		{3785667B-2606-4FA7-AE66-5AF1DB07A4BB}.Debug|TwinCAT CE7 (ARMV7).ActiveCfg = Debug|TwinCAT CE7 (ARMV7)
		{3785667B-2606-4FA7-AE66-5AF1DB07A4BB}.Debug|TwinCAT CE7 (ARMV7).Build.0 = Debug|TwinCAT CE7 (ARMV7)
		{3785667B-2606-4FA7-AE66-5AF1DB07A4BB}.Debug|TwinCAT OS (ARMT2).ActiveCfg = Debug|TwinCAT OS (ARMT2)
		{3785667B-2606-4FA7-AE66-5AF1DB07A4BB}.Debug|TwinCAT OS (ARMT2).Build.0 = Debug|TwinCAT OS (ARMT2)
		{3785667B-2606-4FA7-AE66-5AF1DB07A4BB}.Debug|TwinCAT RT (x64).ActiveCfg = Debug|TwinCAT RT (x64)
		{3785667B-2606-4FA7-AE66-5AF1DB07A4BB}.Debug|TwinCAT RT (x64).Build.0 = Debug|TwinCAT RT (x64)
		{3785667B-2606-4FA7-AE66-5AF1DB07A4BB}.Debug|TwinCAT RT (x86).ActiveCfg = Debug|TwinCAT RT (x86)
		{3785667B-2606-4FA7-AE66-5AF1DB07A4BB}.Debug|TwinCAT RT (x86).Build.0 = Debug|TwinCAT RT (x86)
		{3785667B-2606-4FA7-AE66-5AF1DB07A4BB}.Release|TwinCAT CE7 (ARMV7).ActiveCfg = Release|TwinCAT CE7 (ARMV7)
		{3785667B-2606-4FA7-AE66-5AF1DB07A4BB}.Release|TwinCAT CE7 (ARMV7).Build.0 = Release|TwinCAT CE7 (ARMV7)
		{3785667B-2606-4FA7-AE66-5AF1DB07A4BB}.Release|TwinCAT OS (ARMT2).ActiveCfg = Release|TwinCAT OS (ARMT2)
		{3785667B-2606-4FA7-AE66-5AF1DB07A4BB}.Release|TwinCAT OS (ARMT2).Build.0 = Release|TwinCAT OS (ARMT2)
		{3785667B-2606-4FA7-AE66-5AF1DB07A4BB}.Release|TwinCAT RT (x64).ActiveCfg = Release|TwinCAT RT (x64)
		{3785667B-2606-4FA7-AE66-5AF1DB07A4BB}.Release|TwinCAT RT (x64).Build.0 = Release|TwinCAT RT (x64)
		{3785667B-2606-4FA7-AE66-5AF1DB07A4BB}.Release|TwinCAT RT (x86).ActiveCfg = Release|TwinCAT RT (x86)
		{3785667B-2606-4FA7-AE66-5AF1DB07A4BB}.Release|TwinCAT RT (x86).Build.0 = Release|TwinCAT RT (x86)
		{94F208A0-A5C3-4D26-B7DE-05DB87A56936}.Debug|TwinCAT CE7 (ARMV7).ActiveCfg = Debug|TwinCAT CE7 (ARMV7)
		{94F208A0-A5C3-4D26-B7DE-05DB87A56936}.Debug|TwinCAT CE7 (ARMV7).Build.0 = Debug|TwinCAT CE7 (ARMV7)
		{94F208A0-A5C3-4D26-B7DE-05DB87A56936}.Debug|TwinCAT OS (ARMT2).ActiveCfg = Debug|TwinCAT OS (ARMT2)
		{94F208A0-A5C3-4D26-B7DE-05DB87A56936}.Debug|TwinCAT OS (ARMT2).Build.0 = Debug|TwinCAT OS (ARMT2)
		{94F208A0-A5C3-4D26-B7DE-05DB87A56936}.Debug|TwinCAT RT (x64).ActiveCfg = Debug|TwinCAT RT (x64)
		{94F208A0-A5C3-4D26-B7DE-05DB87A56936}.Debug|TwinCAT RT (x64).Build.0 = Debug|TwinCAT RT (x64)
		{94F208A0-A5C3-4D26-B7DE-05DB87A56936}.Debug|TwinCAT RT (x86).ActiveCfg = Debug|TwinCAT RT (x86)
		{94F208A0-A5C3-4D26-B7DE-05DB87A56936}.Debug|TwinCAT RT (x86).Build.0 = Debug|TwinCAT RT (x86)
		{94F208A0-A5C3-4D26-B7DE-05DB87A56936}.Release|TwinCAT CE7 (ARMV7).ActiveCfg = Release|TwinCAT CE7 (ARMV7)
		{94F208A0-A5C3-4D26-B7DE-05DB87A56936}.Release|TwinCAT CE7 (ARMV7).Build.0 = Release|TwinCAT CE7 (ARMV7)
		{94F208A0-A5C3-4D26-B7DE-05DB87A56936}.Release|TwinCAT OS (ARMT2).ActiveCfg = Release|TwinCAT OS (ARMT2)
		{94F208A0-A5C3-4D26-B7DE-05DB87A56936}.Release|TwinCAT OS (ARMT2).Build.0 = Release|TwinCAT OS (ARMT2)
		{94F208A0-A5C3-4D26-B7DE-05DB87A56936}.Release|TwinCAT RT (x64).ActiveCfg = Release|TwinCAT RT (x64)
		{94F208A0-A5C3-4D26-B7DE-05DB87A56936}.Release|TwinCAT RT (x64).Build.0 = Release|TwinCAT RT (x64)
		{94F208A0-A5C3-4D26-B7DE-05DB87A56936}.Release|TwinCAT RT (x86).ActiveCfg = Release|TwinCAT RT (x86)
		{94F208A0-A5C3-4D26-B7DE-05DB87A56936}.Release|TwinCAT RT (x86).Build.0 = Release|TwinCAT RT (x86)
	EndGlobalSection
	GlobalSection(SolutionProperties) = preSolution
		HideSolutionNode = FALSE
	EndGlobalSection
	GlobalSection(ExtensibilityGlobals) = postSolution
		SolutionGuid = {99B2014D-0F7F-4E57-A05A-7228BD16788E}
	EndGlobalSection
EndGlobal
